Microsoft Visual Studio Solution File, Format Version 12.00
# Visual Studio Version 17
VisualStudioVersion = 17.5.2.0
MinimumVisualStudioVersion = 10.0.40219.1
Project("{FAE04EC0-301F-11D3-BF4B-00C04F79EFBC}") = "day15-LINQ", "day15-LINQ.csproj", "{F0876BDE-79AA-5BC4-F954-E7CB06A5950A}"
EndProject
Global
	GlobalSection(SolutionConfigurationPlatforms) = preSolution
		Debug|Any CPU = Debug|Any CPU
		Release|Any CPU = Release|Any CPU
	EndGlobalSection
	GlobalSection(ProjectConfigurationPlatforms) = postSolution
		{F0876BDE-79AA-5BC4-F954-E7CB06A5950A}.Debug|Any CPU.ActiveCfg = Debug|Any CPU
		{F0876BDE-79AA-5BC4-F954-E7CB06A5950A}.Debug|Any CPU.Build.0 = Debug|Any CPU
		{F0876BDE-79AA-5BC4-F954-E7CB06A5950A}.Release|Any CPU.ActiveCfg = Release|Any CPU
		{F0876BDE-79AA-5BC4-F954-E7CB06A5950A}.Release|Any CPU.Build.0 = Release|Any CPU
	EndGlobalSection
	GlobalSection(SolutionProperties) = preSolution
		HideSolutionNode = FALSE
	EndGlobalSection
	GlobalSection(ExtensibilityGlobals) = postSolution
		SolutionGuid = {79BC7009-5EFA-4F9F-AEDD-6A5E3367026F}
	EndGlobalSection
EndGlobal
